# This file is autogenerated, do not edit; changes may be undone by the next 'dep ensure'.


[[projects]]
  digest = "1:ffe9824d294da03b391f44e1ae8281281b4afc1bdaa9588c9097785e3af10cec"
  name = "github.com/davecgh/go-spew"
  packages = ["spew"]
  pruneopts = "UT"
  revision = "8991bc29aa16c548c550c7ff78260e27b9ab7c73"
  version = "v1.1.1"

[[projects]]
  digest = "1:0028cb19b2e4c3112225cd871870f2d9cf49b9b4276531f03438a88e94be86fe"
  name = "github.com/pmezard/go-difflib"
  packages = ["difflib"]
  pruneopts = "UT"
  revision = "792786c7400a136282c1664665ae0a8db921c6c2"
  version = "v1.0.0"

[[projects]]
  branch = "master"
  digest = "1:4b41ab67af47e85c95d9891f5c313d79185a9cb4e495d268f4ed441bf8ddfa54"
  name = "github.com/resin-os/circbuf"
  packages = ["."]
  pruneopts = "UT"
  revision = "56e73111d0b216a0157b0122dbba22a6bcaba395"

[[projects]]
  digest = "1:18752d0b95816a1b777505a97f71c7467a8445b8ffb55631a7bf779f6ba4fa83"
  name = "github.com/stretchr/testify"
  packages = ["assert"]
  pruneopts = "UT"
  revision = "f35b8ab0b5a2cef36673838d662e249dd9c94686"
  version = "v1.2.2"

[[projects]]
  branch = "master"
  digest = "1:acecbb222b98d0b3276e5e4255db12ff9762f7a0ae8436a95b1fb2f8fa55076b"
  name = "golang.org/x/crypto"
  packages = [
    "blake2b",
    "md4",
  ]
  pruneopts = "UT"
  revision = "0e37d006457bf46f9e6692014ba72ef82c33022c"

[[projects]]
  branch = "master"
  digest = "1:8392490b249a3602a13813be12324d3b16eca044ae185ff32cdd9e267706e208"
  name = "golang.org/x/sys"
  packages = ["cpu"]
  pruneopts = "UT"
  revision = "d47a0f3392421c5624713c9a19fe781f651f8a50"

[solve-meta]
  analyzer-name = "dep"
  analyzer-version = 1
  input-imports = [
    "github.com/resin-os/circbuf",
    "github.com/stretchr/testify/assert",
    "golang.org/x/crypto/blake2b",
    "golang.org/x/crypto/md4",
  ]
  solver-name = "gps-cdcl"
  solver-version = 1
